<?xml version="1.0" encoding="UTF-8" standalone="yes" ?>
<CodeBlocks_project_file>
	<FileVersion major="1" minor="6" />
	<Project>
		<Option title="SpaceInvadersAllegro" />
		<Option pch_mode="2" />
		<Option compiler="gcc" />
		<Build>
			<Target title="Debug">
				<Option output="bin/Debug/SpaceInvadersAllegro" prefix_auto="1" extension_auto="1" />
				<Option object_output="obj/Debug/" />
				<Option type="0" />
				<Option compiler="gcc" />
				<Compiler>
					<Add option="-g" />
				</Compiler>
			</Target>
			<Target title="Release">
				<Option output="bin/Release/SpaceInvadersAllegro" prefix_auto="1" extension_auto="1" />
				<Option object_output="obj/Release/" />
				<Option type="1" />
				<Option compiler="gcc" />
				<Compiler>
					<Add option="-O2" />
				</Compiler>
				<Linker>
					<Add option="-s" />
				</Linker>
			</Target>
		</Build>
		<Compiler>
			<Add option="-Wall" />
		</Compiler>
		<Unit filename="aircraft.c">
			<Option compilerVar="CC" />
		</Unit>
		<Unit filename="aircraft.h" />
		<Unit filename="alien.c">
			<Option compilerVar="CC" />
		</Unit>
		<Unit filename="alien.h" />
		<Unit filename="boss.c">
			<Option compilerVar="CC" />
		</Unit>
		<Unit filename="boss.h" />
		<Unit filename="bunker.c">
			<Option compilerVar="CC" />
		</Unit>
		<Unit filename="bunker.h" />
		<Unit filename="coisas pra perguntar.c">
			<Option compilerVar="CC" />
		</Unit>
		<Unit filename="main.c">
			<Option compilerVar="CC" />
		</Unit>
		<Unit filename="principal.c">
			<Option compilerVar="CC" />
		</Unit>
		<Unit filename="principal.h" />
		<Unit filename="tiro.c">
			<Option compilerVar="CC" />
		</Unit>
		<Unit filename="tiro.h" />
		<Extensions>
			<code_completion />
			<debugger />
		</Extensions>
	</Project>
</CodeBlocks_project_file>
